
Microsoft Visual Studio Solution File, Format Version 12.00
# Visual Studio Version 17
VisualStudioVersion = 17.5.33516.290
MinimumVisualStudioVersion = 10.0.40219.1
Project("{FAE04EC0-301F-11D3-BF4B-00C04F79EFBC}") = "Survey.API", "Survey.API\Survey.API.csproj", "{BD4644A5-7456-45E8-8921-02983D3FBA3F}"
EndProject
Project("{FAE04EC0-301F-11D3-BF4B-00C04F79EFBC}") = "EntityLayer", "EntityLayer\EntityLayer.csproj", "{16592305-9E87-4CE8-9741-70E1715C426B}"
EndProject
Project("{FAE04EC0-301F-11D3-BF4B-00C04F79EFBC}") = "DataAccessLayer", "DataAccessLayer\DataAccessLayer.csproj", "{F2FA67B3-1584-4319-83F0-50CDD1E04D6B}"
EndProject
Project("{FAE04EC0-301F-11D3-BF4B-00C04F79EFBC}") = "BusinessLayer", "BusinessLayer\BusinessLayer.csproj", "{30EAA60A-7C6B-4131-B764-A40AE6000DA5}"
EndProject
Global
	GlobalSection(SolutionConfigurationPlatforms) = preSolution
		Debug|Any CPU = Debug|Any CPU
		Release|Any CPU = Release|Any CPU
	EndGlobalSection
	GlobalSection(ProjectConfigurationPlatforms) = postSolution
		{BD4644A5-7456-45E8-8921-02983D3FBA3F}.Debug|Any CPU.ActiveCfg = Debug|Any CPU
		{BD4644A5-7456-45E8-8921-02983D3FBA3F}.Debug|Any CPU.Build.0 = Debug|Any CPU
		{BD4644A5-7456-45E8-8921-02983D3FBA3F}.Release|Any CPU.ActiveCfg = Release|Any CPU
		{BD4644A5-7456-45E8-8921-02983D3FBA3F}.Release|Any CPU.Build.0 = Release|Any CPU
		{16592305-9E87-4CE8-9741-70E1715C426B}.Debug|Any CPU.ActiveCfg = Debug|Any CPU
		{16592305-9E87-4CE8-9741-70E1715C426B}.Debug|Any CPU.Build.0 = Debug|Any CPU
		{16592305-9E87-4CE8-9741-70E1715C426B}.Release|Any CPU.ActiveCfg = Release|Any CPU
		{16592305-9E87-4CE8-9741-70E1715C426B}.Release|Any CPU.Build.0 = Release|Any CPU
		{F2FA67B3-1584-4319-83F0-50CDD1E04D6B}.Debug|Any CPU.ActiveCfg = Debug|Any CPU
		{F2FA67B3-1584-4319-83F0-50CDD1E04D6B}.Debug|Any CPU.Build.0 = Debug|Any CPU
		{F2FA67B3-1584-4319-83F0-50CDD1E04D6B}.Release|Any CPU.ActiveCfg = Release|Any CPU
		{F2FA67B3-1584-4319-83F0-50CDD1E04D6B}.Release|Any CPU.Build.0 = Release|Any CPU
		{30EAA60A-7C6B-4131-B764-A40AE6000DA5}.Debug|Any CPU.ActiveCfg = Debug|Any CPU
		{30EAA60A-7C6B-4131-B764-A40AE6000DA5}.Debug|Any CPU.Build.0 = Debug|Any CPU
		{30EAA60A-7C6B-4131-B764-A40AE6000DA5}.Release|Any CPU.ActiveCfg = Release|Any CPU
		{30EAA60A-7C6B-4131-B764-A40AE6000DA5}.Release|Any CPU.Build.0 = Release|Any CPU
	EndGlobalSection
	GlobalSection(SolutionProperties) = preSolution
		HideSolutionNode = FALSE
	EndGlobalSection
	GlobalSection(ExtensibilityGlobals) = postSolution
		SolutionGuid = {788DACAD-1858-45DF-86AE-0BE6FD59DF04}
	EndGlobalSection
EndGlobal
